<?xml version="1.0" encoding="utf-8"?>
<Project ToolsVersion="4.0" xmlns="http://schemas.microsoft.com/developer/msbuild/2003">
  <ItemGroup>
    <Filter Include="Resource Files">
      <UniqueIdentifier>{67DA6AB6-F800-4c08-8B7A-83BB121AAD01}</UniqueIdentifier>
      <Extensions>rc;ico;cur;bmp;dlg;rc2;rct;bin;rgs;gif;jpg;jpeg;jpe;resx;tiff;tif;png;wav;mfcribbon-ms</Extensions>
    </Filter>
    <Filter Include="MiniginEngine">
      <UniqueIdentifier>{825e7fad-7e0c-4b67-ae09-2d6e5bd2dac8}</UniqueIdentifier>
    </Filter>
    <Filter Include="QBERTGame">
      <UniqueIdentifier>{3820461d-52aa-4a32-b4ba-3ad0225efa88}</UniqueIdentifier>
    </Filter>
    <Filter Include="MiniginEngine\Source Files">
      <UniqueIdentifier>{4FC737F1-C7A5-4376-A066-2A32D752A2FF}</UniqueIdentifier>
      <Extensions>cpp;c;cc;cxx;def;odl;idl;hpj;bat;asm;asmx</Extensions>
    </Filter>
    <Filter Include="MiniginEngine\Observers">
      <UniqueIdentifier>{51e983ca-ddf9-4432-a804-5fb5dcdced43}</UniqueIdentifier>
    </Filter>
    <Filter Include="MiniginEngine\Input">
      <UniqueIdentifier>{be1ad071-ae33-437d-bb02-2d9e3191eb22}</UniqueIdentifier>
    </Filter>
    <Filter Include="MiniginEngine\Header Files">
      <UniqueIdentifier>{93995380-89BD-4b04-88EB-625FBE52EBFB}</UniqueIdentifier>
      <Extensions>h;hh;hpp;hxx;hm;inl;inc;xsd</Extensions>
    </Filter>
    <Filter Include="MiniginEngine\Components">
      <UniqueIdentifier>{1399c40f-7ccb-4adb-8ea1-046254dc1f51}</UniqueIdentifier>
    </Filter>
    <Filter Include="MiniginEngine\Audio">
      <UniqueIdentifier>{f74b888c-ceae-49a9-bc47-858af1bf0d92}</UniqueIdentifier>
    </Filter>
  </ItemGroup>
  <ItemGroup>
    <ClInclude Include="MiniginPCH.h">
      <Filter>MiniginEngine\Header Files</Filter>
    </ClInclude>
    <ClInclude Include="Minigin.h">
      <Filter>QBERTGame</Filter>
    </ClInclude>
    <ClInclude Include="Components\AnimationComponent.h">
      <Filter>MiniginEngine\Components</Filter>
    </ClInclude>
    <ClInclude Include="Components\ComponentIncludes.h">
      <Filter>MiniginEngine\Components</Filter>
    </ClInclude>
    <ClInclude Include="Components\HealthComponent.h">
      <Filter>MiniginEngine\Components</Filter>
    </ClInclude>
    <ClInclude Include="Components\ScoreComponent.h">
      <Filter>MiniginEngine\Components</Filter>
    </ClInclude>
    <ClInclude Include="Commands\Commands.h">
      <Filter>MiniginEngine\Input</Filter>
    </ClInclude>
    <ClInclude Include="Observers\ScoreObserver.h">
      <Filter>MiniginEngine\Observers</Filter>
    </ClInclude>
    <ClInclude Include="Observers\LivesObserver.h">
      <Filter>MiniginEngine\Observers</Filter>
    </ClInclude>
  </ItemGroup>
  <ItemGroup>
    <ClCompile Include="MiniginPCH.cpp">
      <Filter>MiniginEngine\Source Files</Filter>
    </ClCompile>
    <ClCompile Include="Main.cpp">
      <Filter>MiniginEngine\Source Files</Filter>
    </ClCompile>
    <ClCompile Include="Minigin.cpp">
      <Filter>QBERTGame</Filter>
    </ClCompile>
    <ClCompile Include="Components\AnimationComponent.cpp">
      <Filter>MiniginEngine\Components</Filter>
    </ClCompile>
    <ClCompile Include="Components\HealthComponent.cpp">
      <Filter>MiniginEngine\Components</Filter>
    </ClCompile>
    <ClCompile Include="Components\ScoreComponent.cpp">
      <Filter>MiniginEngine\Components</Filter>
    </ClCompile>
    <ClCompile Include="Observers\ScoreObserver.cpp">
      <Filter>MiniginEngine\Observers</Filter>
    </ClCompile>
    <ClCompile Include="Observers\LivesObserver.cpp">
      <Filter>MiniginEngine\Observers</Filter>
    </ClCompile>
  </ItemGroup>
</Project>