<?xml version="1.0" encoding="utf-8"?>
<Project ToolsVersion="4.0" xmlns="http://schemas.microsoft.com/developer/msbuild/2003">
  <ItemGroup>
    <ClInclude Include="MiniginPCH.h" />
    <ClInclude Include="Minigin.h" />
    <ClInclude Include="AnimationComponent.h">
      <Filter>Components</Filter>
    </ClInclude>
    <ClInclude Include="HealthComponent.h">
      <Filter>Components</Filter>
    </ClInclude>
    <ClInclude Include="ScoreComponent.h">
      <Filter>Components</Filter>
    </ClInclude>
    <ClInclude Include="ScoreObserver.h">
      <Filter>Observers</Filter>
    </ClInclude>
    <ClInclude Include="LivesObserver.h">
      <Filter>Observers</Filter>
    </ClInclude>
    <ClInclude Include="ComponentIncludes.h">
      <Filter>Components</Filter>
    </ClInclude>
    <ClInclude Include="Commands.h">
      <Filter>Command</Filter>
    </ClInclude>
    <ClInclude Include="GyaragaMovementComponent.h">
      <Filter>Components</Filter>
    </ClInclude>
    <ClInclude Include="PlayerWeaponComponent.h">
      <Filter>Components</Filter>
    </ClInclude>
    <ClInclude Include="BulletMovementComponent.h">
      <Filter>Components</Filter>
    </ClInclude>
    <ClInclude Include="BeeState.h">
      <Filter>Enemies\BeeStates</Filter>
    </ClInclude>
    <ClInclude Include="BeeDivingState.h">
      <Filter>Enemies\BeeStates</Filter>
    </ClInclude>
    <ClInclude Include="BeeFormationState.h">
      <Filter>Enemies\BeeStates</Filter>
    </ClInclude>
    <ClInclude Include="BeeStateManager.h">
      <Filter>Enemies\Types</Filter>
    </ClInclude>
    <ClInclude Include="CollisionDetectionManager.h">
      <Filter>Collision</Filter>
    </ClInclude>
    <ClInclude Include="FormationManager.h">
      <Filter>Enemies\FormationManager</Filter>
    </ClInclude>
    <ClInclude Include="BeeSpawnState.h">
      <Filter>Enemies\BeeStates</Filter>
    </ClInclude>
    <ClInclude Include="BezierPath.h">
      <Filter>BezierPath</Filter>
    </ClInclude>
    <ClInclude Include="BezierPathManager.h">
      <Filter>BezierPath</Filter>
    </ClInclude>
  </ItemGroup>
  <ItemGroup>
    <ClCompile Include="Main.cpp" />
    <ClCompile Include="MiniginPCH.cpp" />
    <ClCompile Include="Minigin.cpp" />
    <ClCompile Include="AnimationComponent.cpp">
      <Filter>Components</Filter>
    </ClCompile>
    <ClCompile Include="HealthComponent.cpp">
      <Filter>Components</Filter>
    </ClCompile>
    <ClCompile Include="ScoreComponent.cpp">
      <Filter>Components</Filter>
    </ClCompile>
    <ClCompile Include="ScoreObserver.cpp">
      <Filter>Observers</Filter>
    </ClCompile>
    <ClCompile Include="LivesObserver.cpp">
      <Filter>Observers</Filter>
    </ClCompile>
    <ClCompile Include="GyaragaMovementComponent.cpp">
      <Filter>Components</Filter>
    </ClCompile>
    <ClCompile Include="PlayerWeaponComponent.cpp">
      <Filter>Components</Filter>
    </ClCompile>
    <ClCompile Include="BulletMovementComponent.cpp">
      <Filter>Components</Filter>
    </ClCompile>
    <ClCompile Include="BeeDivingState.cpp">
      <Filter>Enemies\BeeStates</Filter>
    </ClCompile>
    <ClCompile Include="BeeFormationState.cpp">
      <Filter>Enemies\BeeStates</Filter>
    </ClCompile>
    <ClCompile Include="BeeStateManager.cpp">
      <Filter>Enemies\Types</Filter>
    </ClCompile>
    <ClCompile Include="CollisionDetectionManager.cpp">
      <Filter>Collision</Filter>
    </ClCompile>
    <ClCompile Include="FormationManager.cpp">
      <Filter>Enemies\FormationManager</Filter>
    </ClCompile>
    <ClCompile Include="BeeSpawnState.cpp">
      <Filter>Enemies\BeeStates</Filter>
    </ClCompile>
    <ClCompile Include="BezierPathManager.cpp">
      <Filter>BezierPath</Filter>
    </ClCompile>
  </ItemGroup>
  <ItemGroup>
    <Filter Include="Components">
      <UniqueIdentifier>{8afacb8b-1895-4ea2-a315-c8ea1a8966eb}</UniqueIdentifier>
    </Filter>
    <Filter Include="Observers">
      <UniqueIdentifier>{1ed83f3d-7613-4ac1-afbb-d79587b7c0e2}</UniqueIdentifier>
    </Filter>
    <Filter Include="Command">
      <UniqueIdentifier>{627f1b4f-5b77-4376-b66b-ae3c8747e6a0}</UniqueIdentifier>
    </Filter>
    <Filter Include="Enemies">
      <UniqueIdentifier>{a8add019-ab56-4b42-b121-50664937feae}</UniqueIdentifier>
    </Filter>
    <Filter Include="Enemies\Types">
      <UniqueIdentifier>{7c756f52-b4ce-4b00-82f8-b55bd7e0fe38}</UniqueIdentifier>
    </Filter>
    <Filter Include="Enemies\BeeStates">
      <UniqueIdentifier>{7617bafa-1e97-4c9a-ae7c-421df51409cc}</UniqueIdentifier>
    </Filter>
    <Filter Include="Collision">
      <UniqueIdentifier>{bbb726ed-f992-41d6-8add-e1948f065c83}</UniqueIdentifier>
    </Filter>
    <Filter Include="Enemies\FormationManager">
      <UniqueIdentifier>{ef6f5994-cf07-4eb9-b10b-10f12e1234d2}</UniqueIdentifier>
    </Filter>
    <Filter Include="BezierPath">
      <UniqueIdentifier>{be6bdd1b-3135-4b27-aec9-924bba3930b1}</UniqueIdentifier>
    </Filter>
  </ItemGroup>
</Project>