<?xml version="1.0" encoding="utf-8"?>
<Project ToolsVersion="4.0" xmlns="http://schemas.microsoft.com/developer/msbuild/2003">
  <ItemGroup>
    <ClInclude Include="BaseCommand.h" />
    <ClInclude Include="EngineTime.h" />
    <ClInclude Include="Font.h" />
    <ClInclude Include="framework.h" />
    <ClInclude Include="GameObject.h" />
    <ClInclude Include="pch.h" />
    <ClInclude Include="Renderer.h" />
    <ClInclude Include="ResourceManager.h" />
    <ClInclude Include="Scene.h" />
    <ClInclude Include="SceneManager.h" />
    <ClInclude Include="SceneObject.h" />
    <ClInclude Include="Singleton.h" />
    <ClInclude Include="Structs.h" />
    <ClInclude Include="Texture2D.h" />
    <ClInclude Include="Transform.h" />
    <ClInclude Include="AnalogStickCommand.h">
      <Filter>Input</Filter>
    </ClInclude>
    <ClInclude Include="AnalogTriggerCommand.h">
      <Filter>Input</Filter>
    </ClInclude>
    <ClInclude Include="AudioService.h">
      <Filter>Audio</Filter>
    </ClInclude>
    <ClInclude Include="ConsoleAudioService.h">
      <Filter>Audio</Filter>
    </ClInclude>
    <ClInclude Include="FPSTextComponent.h">
      <Filter>Components</Filter>
    </ClInclude>
    <ClInclude Include="BaseComponent.h">
      <Filter>Components</Filter>
    </ClInclude>
    <ClInclude Include="Texture2DComponent.h">
      <Filter>Components</Filter>
    </ClInclude>
    <ClInclude Include="TransformComponent.h">
      <Filter>Components</Filter>
    </ClInclude>
    <ClInclude Include="TextComponent.h">
      <Filter>Components</Filter>
    </ClInclude>
    <ClInclude Include="InputManager.h">
      <Filter>Input</Filter>
    </ClInclude>
    <ClInclude Include="NullAudio.h">
      <Filter>Audio</Filter>
    </ClInclude>
    <ClInclude Include="SoundEffect.h">
      <Filter>Audio</Filter>
    </ClInclude>
    <ClInclude Include="SoundStream.h">
      <Filter>Audio</Filter>
    </ClInclude>
    <ClInclude Include="Subject.h">
      <Filter>Subject</Filter>
    </ClInclude>
    <ClInclude Include="Observer.h">
      <Filter>Subject</Filter>
    </ClInclude>
    <ClInclude Include="Locator.h">
      <Filter>Audio</Filter>
    </ClInclude>
  </ItemGroup>
  <ItemGroup>
    <ClCompile Include="EngineTime.cpp" />
    <ClCompile Include="Font.cpp" />
    <ClCompile Include="GameObject.cpp" />
    <ClCompile Include="pch.cpp" />
    <ClCompile Include="Renderer.cpp" />
    <ClCompile Include="ResourceManager.cpp" />
    <ClCompile Include="Scene.cpp" />
    <ClCompile Include="SceneManager.cpp" />
    <ClCompile Include="Texture2D.cpp" />
    <ClCompile Include="Transform.cpp" />
    <ClCompile Include="ConsoleAudioService.cpp">
      <Filter>Audio</Filter>
    </ClCompile>
    <ClCompile Include="FPSTextComponent.cpp">
      <Filter>Components</Filter>
    </ClCompile>
    <ClCompile Include="Texture2DComponent.cpp">
      <Filter>Components</Filter>
    </ClCompile>
    <ClCompile Include="TransformComponent.cpp">
      <Filter>Components</Filter>
    </ClCompile>
    <ClCompile Include="TextComponent.cpp">
      <Filter>Components</Filter>
    </ClCompile>
    <ClCompile Include="InputManager.cpp">
      <Filter>Input</Filter>
    </ClCompile>
    <ClCompile Include="SoundStream.cpp">
      <Filter>Audio</Filter>
    </ClCompile>
    <ClCompile Include="SoundEffect.cpp">
      <Filter>Audio</Filter>
    </ClCompile>
    <ClCompile Include="Subject.cpp">
      <Filter>Subject</Filter>
    </ClCompile>
    <ClCompile Include="Locator.cpp">
      <Filter>Audio</Filter>
    </ClCompile>
  </ItemGroup>
  <ItemGroup>
    <Filter Include="Audio">
      <UniqueIdentifier>{148ddd04-37c5-4533-8e53-d6da37d73e11}</UniqueIdentifier>
    </Filter>
    <Filter Include="Components">
      <UniqueIdentifier>{af738993-f4c9-4ff2-b431-2ebb807c65fc}</UniqueIdentifier>
    </Filter>
    <Filter Include="Subject">
      <UniqueIdentifier>{8b845644-90bc-4984-b6d5-3010772f819e}</UniqueIdentifier>
    </Filter>
    <Filter Include="Input">
      <UniqueIdentifier>{3c24952a-4f71-43a1-a832-d12e8f41f086}</UniqueIdentifier>
    </Filter>
  </ItemGroup>
</Project>